Microsoft Visual Studio Solution File, Format Version 12.00
# Visual Studio Version 17
VisualStudioVersion = 17.0.31903.59
MinimumVisualStudioVersion = 10.0.40219.1
Project("{9A19103F-16F7-4668-BE54-9A1E7A4F7556}") = "PlaywrightFramework.Core", "src\PlaywrightFramework.Core\PlaywrightFramework.Core.csproj", "{A1B2C3D4-E5F6-7890-ABCD-EF1234567890}"
EndProject
Project("{9A19103F-16F7-4668-BE54-9A1E7A4F7556}") = "PlaywrightFramework.Tests", "tests\PlaywrightFramework.Tests\PlaywrightFramework.Tests.csproj", "{F2F9999C-5BA6-4710-A658-FC2F42488EEA}"
EndProject
Project("{9A19103F-16F7-4668-BE54-9A1E7A4F7556}") = "PlaywrightFramework.PageObjects", "src\PlaywrightFramework.PageObjects\PlaywrightFramework.PageObjects.csproj", "{57282065-9677-408C-AC9F-3D3638F591ED}"
EndProject
Global
	GlobalSection(SolutionConfigurationPlatforms) = preSolution
		Debug|Any CPU = Debug|Any CPU
		Release|Any CPU = Release|Any CPU
	EndGlobalSection
	GlobalSection(ProjectConfigurationPlatforms) = postSolution
		{A1B2C3D4-E5F6-7890-ABCD-EF1234567890}.Debug|Any CPU.ActiveCfg = Debug|Any CPU
		{A1B2C3D4-E5F6-7890-ABCD-EF1234567890}.Debug|Any CPU.Build.0 = Debug|Any CPU
		{A1B2C3D4-E5F6-7890-ABCD-EF1234567890}.Release|Any CPU.ActiveCfg = Release|Any CPU
		{A1B2C3D4-E5F6-7890-ABCD-EF1234567890}.Release|Any CPU.Build.0 = Release|Any CPU
		{F2F9999C-5BA6-4710-A658-FC2F42488EEA}.Debug|Any CPU.ActiveCfg = Debug|Any CPU
		{F2F9999C-5BA6-4710-A658-FC2F42488EEA}.Debug|Any CPU.Build.0 = Debug|Any CPU
		{F2F9999C-5BA6-4710-A658-FC2F42488EEA}.Release|Any CPU.ActiveCfg = Release|Any CPU
		{F2F9999C-5BA6-4710-A658-FC2F42488EEA}.Release|Any CPU.Build.0 = Release|Any CPU
		{57282065-9677-408C-AC9F-3D3638F591ED}.Debug|Any CPU.ActiveCfg = Debug|Any CPU
		{57282065-9677-408C-AC9F-3D3638F591ED}.Debug|Any CPU.Build.0 = Debug|Any CPU
		{57282065-9677-408C-AC9F-3D3638F591ED}.Release|Any CPU.ActiveCfg = Release|Any CPU
		{57282065-9677-408C-AC9F-3D3638F591ED}.Release|Any CPU.Build.0 = Release|Any CPU
	EndGlobalSection
	GlobalSection(SolutionProperties) = preSolution
		HideSolutionNode = FALSE
	EndGlobalSection
	GlobalSection(ExtensibilityGlobals) = postSolution
		SolutionGuid = {B79E95E4-FA75-4FA9-89B6-1868DDDDD77F}
	EndGlobalSection
EndGlobal
